
Microsoft Visual Studio Solution File, Format Version 12.00
# Visual Studio Version 17
VisualStudioVersion = 17.12.35527.113 d17.12
MinimumVisualStudioVersion = 10.0.40219.1
Project("{FAE04EC0-301F-11D3-BF4B-00C04F79EFBC}") = "BarlangokCLI", "BarlangokCLI\BarlangokCLI.csproj", "{15619710-321F-4903-89D6-1B5DD9848030}"
EndProject
Project("{2150E333-8FDC-42A3-9474-1A3956D46DE8}") = "SRC", "SRC", "{6D9F68FC-17D1-4B13-AB6F-D84C7143AA4B}"
	ProjectSection(SolutionItems) = preProject
		src\barlangok.txt = src\barlangok.txt
		src\csharp.txt = src\csharp.txt
		src\FL_K24OKT.pdf = src\FL_K24OKT.pdf
		src\java.txt = src\java.txt
	EndProjectSection
EndProject
Project("{FAE04EC0-301F-11D3-BF4B-00C04F79EFBC}") = "BarlangokGUI", "BarlangokGUI\BarlangokGUI.csproj", "{4A145F6D-5484-4B77-9B0B-5BF178B56EDE}"
EndProject
Global
	GlobalSection(SolutionConfigurationPlatforms) = preSolution
		Debug|Any CPU = Debug|Any CPU
		Release|Any CPU = Release|Any CPU
	EndGlobalSection
	GlobalSection(ProjectConfigurationPlatforms) = postSolution
		{15619710-321F-4903-89D6-1B5DD9848030}.Debug|Any CPU.ActiveCfg = Debug|Any CPU
		{15619710-321F-4903-89D6-1B5DD9848030}.Debug|Any CPU.Build.0 = Debug|Any CPU
		{15619710-321F-4903-89D6-1B5DD9848030}.Release|Any CPU.ActiveCfg = Release|Any CPU
		{15619710-321F-4903-89D6-1B5DD9848030}.Release|Any CPU.Build.0 = Release|Any CPU
		{4A145F6D-5484-4B77-9B0B-5BF178B56EDE}.Debug|Any CPU.ActiveCfg = Debug|Any CPU
		{4A145F6D-5484-4B77-9B0B-5BF178B56EDE}.Debug|Any CPU.Build.0 = Debug|Any CPU
		{4A145F6D-5484-4B77-9B0B-5BF178B56EDE}.Release|Any CPU.ActiveCfg = Release|Any CPU
		{4A145F6D-5484-4B77-9B0B-5BF178B56EDE}.Release|Any CPU.Build.0 = Release|Any CPU
	EndGlobalSection
	GlobalSection(SolutionProperties) = preSolution
		HideSolutionNode = FALSE
	EndGlobalSection
EndGlobal
